// !$*UTF8*$!
{
	archiveVersion = 1;
	classes = {
	};
	objectVersion = 46;
	objects = {

/* Begin PBXBuildFile section */
		570B81491F137608006DE204 /* add_scalar.cpp in Sources */ = {isa = PBXBuildFile; fileRef = 570B81391F137608006DE204 /* add_scalar.cpp */; };
		570B814A1F137608006DE204 /* fe.cpp in Sources */ = {isa = PBXBuildFile; fileRef = 570B813A1F137608006DE204 /* fe.cpp */; };
		570B814B1F137608006DE204 /* ge.cpp in Sources */ = {isa = PBXBuildFile; fileRef = 570B813D1F137608006DE204 /* ge.cpp */; };
		570B814C1F137608006DE204 /* key_exchange.cpp in Sources */ = {isa = PBXBuildFile; fileRef = 570B813F1F137608006DE204 /* key_exchange.cpp */; };
		570B814D1F137608006DE204 /* keypair.cpp in Sources */ = {isa = PBXBuildFile; fileRef = 570B81401F137608006DE204 /* keypair.cpp */; };
		570B814E1F137608006DE204 /* sc.cpp in Sources */ = {isa = PBXBuildFile; fileRef = 570B81421F137608006DE204 /* sc.cpp */; };
		570B814F1F137608006DE204 /* seed.cpp in Sources */ = {isa = PBXBuildFile; fileRef = 570B81441F137608006DE204 /* seed.cpp */; };
		570B81501F137608006DE204 /* sha512.cpp in Sources */ = {isa = PBXBuildFile; fileRef = 570B81451F137608006DE204 /* sha512.cpp */; };
		570B81511F137608006DE204 /* sign.cpp in Sources */ = {isa = PBXBuildFile; fileRef = 570B81471F137608006DE204 /* sign.cpp */; };
		570B81521F137609006DE204 /* verify.cpp in Sources */ = {isa = PBXBuildFile; fileRef = 570B81481F137608006DE204 /* verify.cpp */; };
		570B81631F137625006DE204 /* dht_storage.cpp in Sources */ = {isa = PBXBuildFile; fileRef = 570B81531F137625006DE204 /* dht_storage.cpp */; };
		570B81641F137625006DE204 /* dht_tracker.cpp in Sources */ = {isa = PBXBuildFile; fileRef = 570B81541F137625006DE204 /* dht_tracker.cpp */; };
		570B81651F137625006DE204 /* dos_blocker.cpp in Sources */ = {isa = PBXBuildFile; fileRef = 570B81551F137625006DE204 /* dos_blocker.cpp */; };
		570B81661F137625006DE204 /* find_data.cpp in Sources */ = {isa = PBXBuildFile; fileRef = 570B81561F137625006DE204 /* find_data.cpp */; };
		570B81671F137625006DE204 /* get_item.cpp in Sources */ = {isa = PBXBuildFile; fileRef = 570B81571F137625006DE204 /* get_item.cpp */; };
		570B81681F137625006DE204 /* get_peers.cpp in Sources */ = {isa = PBXBuildFile; fileRef = 570B81581F137625006DE204 /* get_peers.cpp */; };
		570B81691F137625006DE204 /* item.cpp in Sources */ = {isa = PBXBuildFile; fileRef = 570B81591F137625006DE204 /* item.cpp */; };
		570B816A1F137625006DE204 /* msg.cpp in Sources */ = {isa = PBXBuildFile; fileRef = 570B815A1F137625006DE204 /* msg.cpp */; };
		570B816B1F137625006DE204 /* node_entry.cpp in Sources */ = {isa = PBXBuildFile; fileRef = 570B815B1F137625006DE204 /* node_entry.cpp */; };
		570B816C1F137625006DE204 /* node_id.cpp in Sources */ = {isa = PBXBuildFile; fileRef = 570B815C1F137625006DE204 /* node_id.cpp */; };
		570B816D1F137625006DE204 /* node.cpp in Sources */ = {isa = PBXBuildFile; fileRef = 570B815D1F137625006DE204 /* node.cpp */; };
		570B816E1F137625006DE204 /* put_data.cpp in Sources */ = {isa = PBXBuildFile; fileRef = 570B815E1F137625006DE204 /* put_data.cpp */; };
		570B816F1F137625006DE204 /* refresh.cpp in Sources */ = {isa = PBXBuildFile; fileRef = 570B815F1F137625006DE204 /* refresh.cpp */; };
		570B81701F137625006DE204 /* routing_table.cpp in Sources */ = {isa = PBXBuildFile; fileRef = 570B81601F137625006DE204 /* routing_table.cpp */; };
		570B81711F137625006DE204 /* rpc_manager.cpp in Sources */ = {isa = PBXBuildFile; fileRef = 570B81611F137625006DE204 /* rpc_manager.cpp */; };
		570B81721F137625006DE204 /* traversal_algorithm.cpp in Sources */ = {isa = PBXBuildFile; fileRef = 570B81621F137625006DE204 /* traversal_algorithm.cpp */; };
		570B81E71F13765F006DE204 /* alert_manager.cpp in Sources */ = {isa = PBXBuildFile; fileRef = 570B81731F13765F006DE204 /* alert_manager.cpp */; };
		570B81E81F13765F006DE204 /* alert.cpp in Sources */ = {isa = PBXBuildFile; fileRef = 570B81741F13765F006DE204 /* alert.cpp */; };
		570B81E91F13765F006DE204 /* allocator.cpp in Sources */ = {isa = PBXBuildFile; fileRef = 570B81751F13765F006DE204 /* allocator.cpp */; };
		570B81EA1F13765F006DE204 /* announce_entry.cpp in Sources */ = {isa = PBXBuildFile; fileRef = 570B81761F13765F006DE204 /* announce_entry.cpp */; };
		570B81EB1F13765F006DE204 /* assert.cpp in Sources */ = {isa = PBXBuildFile; fileRef = 570B81771F13765F006DE204 /* assert.cpp */; };
		570B81EC1F13765F006DE204 /* bandwidth_limit.cpp in Sources */ = {isa = PBXBuildFile; fileRef = 570B81781F13765F006DE204 /* bandwidth_limit.cpp */; };
		570B81ED1F13765F006DE204 /* bandwidth_manager.cpp in Sources */ = {isa = PBXBuildFile; fileRef = 570B81791F13765F006DE204 /* bandwidth_manager.cpp */; };
		570B81EE1F13765F006DE204 /* bandwidth_queue_entry.cpp in Sources */ = {isa = PBXBuildFile; fileRef = 570B817A1F13765F006DE204 /* bandwidth_queue_entry.cpp */; };
		570B81EF1F13765F006DE204 /* bdecode.cpp in Sources */ = {isa = PBXBuildFile; fileRef = 570B817B1F13765F006DE204 /* bdecode.cpp */; };
		570B81F01F13765F006DE204 /* bitfield.cpp in Sources */ = {isa = PBXBuildFile; fileRef = 570B817C1F13765F006DE204 /* bitfield.cpp */; };
		570B81F11F13765F006DE204 /* block_cache.cpp in Sources */ = {isa = PBXBuildFile; fileRef = 570B817D1F13765F006DE204 /* block_cache.cpp */; };
		570B81F21F13765F006DE204 /* bloom_filter.cpp in Sources */ = {isa = PBXBuildFile; fileRef = 570B817E1F13765F006DE204 /* bloom_filter.cpp */; };
		570B81F31F13765F006DE204 /* broadcast_socket.cpp in Sources */ = {isa = PBXBuildFile; fileRef = 570B817F1F13765F006DE204 /* broadcast_socket.cpp */; };
		570B81F41F13765F006DE204 /* bt_peer_connection.cpp in Sources */ = {isa = PBXBuildFile; fileRef = 570B81801F13765F006DE204 /* bt_peer_connection.cpp */; };
		570B81F51F13765F006DE204 /* chained_buffer.cpp in Sources */ = {isa = PBXBuildFile; fileRef = 570B81811F13765F006DE204 /* chained_buffer.cpp */; };
		570B81F61F13765F006DE204 /* choker.cpp in Sources */ = {isa = PBXBuildFile; fileRef = 570B81821F13765F006DE204 /* choker.cpp */; };
		570B81F71F13765F006DE204 /* close_reason.cpp in Sources */ = {isa = PBXBuildFile; fileRef = 570B81831F13765F006DE204 /* close_reason.cpp */; };
		570B81F81F13765F006DE204 /* ConvertUTF.cpp in Sources */ = {isa = PBXBuildFile; fileRef = 570B81841F13765F006DE204 /* ConvertUTF.cpp */; };
		570B81F91F13765F006DE204 /* cpuid.cpp in Sources */ = {isa = PBXBuildFile; fileRef = 570B81851F13765F006DE204 /* cpuid.cpp */; };
		570B81FA1F13765F006DE204 /* crc32c.cpp in Sources */ = {isa = PBXBuildFile; fileRef = 570B81861F13765F006DE204 /* crc32c.cpp */; };
		570B81FB1F13765F006DE204 /* create_torrent.cpp in Sources */ = {isa = PBXBuildFile; fileRef = 570B81871F13765F006DE204 /* create_torrent.cpp */; };
		570B81FC1F13765F006DE204 /* disk_buffer_holder.cpp in Sources */ = {isa = PBXBuildFile; fileRef = 570B81881F13765F006DE204 /* disk_buffer_holder.cpp */; };
		570B81FD1F13765F006DE204 /* disk_buffer_pool.cpp in Sources */ = {isa = PBXBuildFile; fileRef = 570B81891F13765F006DE204 /* disk_buffer_pool.cpp */; };
		570B81FE1F13765F006DE204 /* disk_io_job.cpp in Sources */ = {isa = PBXBuildFile; fileRef = 570B818A1F13765F006DE204 /* disk_io_job.cpp */; };
		570B81FF1F13765F006DE204 /* disk_io_thread.cpp in Sources */ = {isa = PBXBuildFile; fileRef = 570B818B1F13765F006DE204 /* disk_io_thread.cpp */; };
		570B82001F13765F006DE204 /* disk_job_pool.cpp in Sources */ = {isa = PBXBuildFile; fileRef = 570B818C1F13765F006DE204 /* disk_job_pool.cpp */; };
		570B82011F13765F006DE204 /* entry.cpp in Sources */ = {isa = PBXBuildFile; fileRef = 570B818D1F13765F006DE204 /* entry.cpp */; };
		570B82021F13765F006DE204 /* enum_net.cpp in Sources */ = {isa = PBXBuildFile; fileRef = 570B818E1F13765F006DE204 /* enum_net.cpp */; };
		570B82031F13765F006DE204 /* error_code.cpp in Sources */ = {isa = PBXBuildFile; fileRef = 570B818F1F13765F006DE204 /* error_code.cpp */; };
		570B82041F13765F006DE204 /* escape_string.cpp in Sources */ = {isa = PBXBuildFile; fileRef = 570B81901F13765F006DE204 /* escape_string.cpp */; };
		570B82051F13765F006DE204 /* file_pool.cpp in Sources */ = {isa = PBXBuildFile; fileRef = 570B81911F13765F006DE204 /* file_pool.cpp */; };
		570B82061F13765F006DE204 /* file_progress.cpp in Sources */ = {isa = PBXBuildFile; fileRef = 570B81921F13765F006DE204 /* file_progress.cpp */; };
		570B82071F13765F006DE204 /* file_storage.cpp in Sources */ = {isa = PBXBuildFile; fileRef = 570B81931F13765F006DE204 /* file_storage.cpp */; };
		570B82081F13765F006DE204 /* file.cpp in Sources */ = {isa = PBXBuildFile; fileRef = 570B81941F13765F006DE204 /* file.cpp */; };
		570B82091F13765F006DE204 /* fingerprint.cpp in Sources */ = {isa = PBXBuildFile; fileRef = 570B81951F13765F006DE204 /* fingerprint.cpp */; };
		570B820A1F13765F006DE204 /* gzip.cpp in Sources */ = {isa = PBXBuildFile; fileRef = 570B81961F13765F006DE204 /* gzip.cpp */; };
		570B820B1F13765F006DE204 /* hasher.cpp in Sources */ = {isa = PBXBuildFile; fileRef = 570B81971F13765F006DE204 /* hasher.cpp */; };
		570B820C1F13765F006DE204 /* hex.cpp in Sources */ = {isa = PBXBuildFile; fileRef = 570B81981F13765F006DE204 /* hex.cpp */; };
		570B820D1F13765F006DE204 /* http_connection.cpp in Sources */ = {isa = PBXBuildFile; fileRef = 570B81991F13765F006DE204 /* http_connection.cpp */; };
		570B820E1F13765F006DE204 /* http_parser.cpp in Sources */ = {isa = PBXBuildFile; fileRef = 570B819A1F13765F006DE204 /* http_parser.cpp */; };
		570B820F1F13765F006DE204 /* http_seed_connection.cpp in Sources */ = {isa = PBXBuildFile; fileRef = 570B819B1F13765F006DE204 /* http_seed_connection.cpp */; };
		570B82101F13765F006DE204 /* http_stream.cpp in Sources */ = {isa = PBXBuildFile; fileRef = 570B819C1F13765F006DE204 /* http_stream.cpp */; };
		570B82111F13765F006DE204 /* http_tracker_connection.cpp in Sources */ = {isa = PBXBuildFile; fileRef = 570B819D1F13765F006DE204 /* http_tracker_connection.cpp */; };
		570B82121F13765F006DE204 /* i2p_stream.cpp in Sources */ = {isa = PBXBuildFile; fileRef = 570B819E1F13765F006DE204 /* i2p_stream.cpp */; };
		570B82131F13765F006DE204 /* identify_client.cpp in Sources */ = {isa = PBXBuildFile; fileRef = 570B819F1F13765F006DE204 /* identify_client.cpp */; };
		570B82141F13765F006DE204 /* instantiate_connection.cpp in Sources */ = {isa = PBXBuildFile; fileRef = 570B81A01F13765F006DE204 /* instantiate_connection.cpp */; };
		570B82151F13765F006DE204 /* ip_filter.cpp in Sources */ = {isa = PBXBuildFile; fileRef = 570B81A11F13765F006DE204 /* ip_filter.cpp */; };
		570B82161F13765F006DE204 /* ip_voter.cpp in Sources */ = {isa = PBXBuildFile; fileRef = 570B81A21F13765F006DE204 /* ip_voter.cpp */; };
		570B82171F13765F006DE204 /* lazy_bdecode.cpp in Sources */ = {isa = PBXBuildFile; fileRef = 570B81A31F13765F006DE204 /* lazy_bdecode.cpp */; };
		570B82181F13765F006DE204 /* lsd.cpp in Sources */ = {isa = PBXBuildFile; fileRef = 570B81A41F13765F006DE204 /* lsd.cpp */; };
		570B82191F13765F006DE204 /* lt_trackers.cpp in Sources */ = {isa = PBXBuildFile; fileRef = 570B81A51F13765F006DE204 /* lt_trackers.cpp */; };
		570B821A1F13765F006DE204 /* magnet_uri.cpp in Sources */ = {isa = PBXBuildFile; fileRef = 570B81A61F13765F006DE204 /* magnet_uri.cpp */; };
		570B821B1F13765F006DE204 /* merkle.cpp in Sources */ = {isa = PBXBuildFile; fileRef = 570B81A71F13765F006DE204 /* merkle.cpp */; };
		570B821C1F13765F006DE204 /* metadata_transfer.cpp in Sources */ = {isa = PBXBuildFile; fileRef = 570B81A81F13765F006DE204 /* metadata_transfer.cpp */; };
		570B821D1F13765F006DE204 /* mpi.cpp in Sources */ = {isa = PBXBuildFile; fileRef = 570B81A91F13765F006DE204 /* mpi.cpp */; };
		570B821E1F13765F006DE204 /* natpmp.cpp in Sources */ = {isa = PBXBuildFile; fileRef = 570B81AA1F13765F006DE204 /* natpmp.cpp */; };
		570B821F1F13765F006DE204 /* packet_buffer.cpp in Sources */ = {isa = PBXBuildFile; fileRef = 570B81AB1F13765F006DE204 /* packet_buffer.cpp */; };
		570B82201F13765F006DE204 /* parse_url.cpp in Sources */ = {isa = PBXBuildFile; fileRef = 570B81AC1F13765F006DE204 /* parse_url.cpp */; };
		570B82211F13765F006DE204 /* part_file.cpp in Sources */ = {isa = PBXBuildFile; fileRef = 570B81AD1F13765F006DE204 /* part_file.cpp */; };
		570B82221F13765F006DE204 /* pe_crypto.cpp in Sources */ = {isa = PBXBuildFile; fileRef = 570B81AE1F13765F006DE204 /* pe_crypto.cpp */; };
		570B82231F13765F006DE204 /* peer_class_set.cpp in Sources */ = {isa = PBXBuildFile; fileRef = 570B81AF1F13765F006DE204 /* peer_class_set.cpp */; };
		570B82241F13765F006DE204 /* peer_class.cpp in Sources */ = {isa = PBXBuildFile; fileRef = 570B81B01F13765F006DE204 /* peer_class.cpp */; };
		570B82251F13765F006DE204 /* peer_connection_handle.cpp in Sources */ = {isa = PBXBuildFile; fileRef = 570B81B11F13765F006DE204 /* peer_connection_handle.cpp */; };
		570B82261F13765F006DE204 /* peer_connection.cpp in Sources */ = {isa = PBXBuildFile; fileRef = 570B81B21F13765F006DE204 /* peer_connection.cpp */; };
		570B82271F13765F006DE204 /* peer_list.cpp in Sources */ = {isa = PBXBuildFile; fileRef = 570B81B31F13765F006DE204 /* peer_list.cpp */; };
		570B82281F13765F006DE204 /* performance_counters.cpp in Sources */ = {isa = PBXBuildFile; fileRef = 570B81B41F13765F006DE204 /* performance_counters.cpp */; };
		570B82291F13765F006DE204 /* piece_picker.cpp in Sources */ = {isa = PBXBuildFile; fileRef = 570B81B51F13765F006DE204 /* piece_picker.cpp */; };
		570B822A1F13765F006DE204 /* platform_util.cpp in Sources */ = {isa = PBXBuildFile; fileRef = 570B81B61F13765F006DE204 /* platform_util.cpp */; };
		570B822B1F13765F006DE204 /* proxy_base.cpp in Sources */ = {isa = PBXBuildFile; fileRef = 570B81B71F13765F006DE204 /* proxy_base.cpp */; };
		570B822C1F13765F006DE204 /* proxy_settings.cpp in Sources */ = {isa = PBXBuildFile; fileRef = 570B81B81F13765F006DE204 /* proxy_settings.cpp */; };
		570B822D1F13765F006DE204 /* puff.cpp in Sources */ = {isa = PBXBuildFile; fileRef = 570B81B91F13765F006DE204 /* puff.cpp */; };
		570B822E1F13765F006DE204 /* random.cpp in Sources */ = {isa = PBXBuildFile; fileRef = 570B81BA1F13765F006DE204 /* random.cpp */; };
		570B822F1F13765F006DE204 /* receive_buffer.cpp in Sources */ = {isa = PBXBuildFile; fileRef = 570B81BB1F13765F006DE204 /* receive_buffer.cpp */; };
		570B82301F13765F006DE204 /* request_blocks.cpp in Sources */ = {isa = PBXBuildFile; fileRef = 570B81BC1F13765F006DE204 /* request_blocks.cpp */; };
		570B82311F13765F006DE204 /* resolve_links.cpp in Sources */ = {isa = PBXBuildFile; fileRef = 570B81BD1F13765F006DE204 /* resolve_links.cpp */; };
		570B82321F13765F006DE204 /* resolver.cpp in Sources */ = {isa = PBXBuildFile; fileRef = 570B81BE1F13765F006DE204 /* resolver.cpp */; };
		570B82331F13765F006DE204 /* rss.cpp in Sources */ = {isa = PBXBuildFile; fileRef = 570B81BF1F13765F006DE204 /* rss.cpp */; };
		570B82341F13765F006DE204 /* session_call.cpp in Sources */ = {isa = PBXBuildFile; fileRef = 570B81C01F13765F006DE204 /* session_call.cpp */; };
		570B82351F13765F006DE204 /* session_handle.cpp in Sources */ = {isa = PBXBuildFile; fileRef = 570B81C11F13765F006DE204 /* session_handle.cpp */; };
		570B82361F13765F006DE204 /* session_impl.cpp in Sources */ = {isa = PBXBuildFile; fileRef = 570B81C21F13765F006DE204 /* session_impl.cpp */; };
		570B82371F13765F006DE204 /* session_settings.cpp in Sources */ = {isa = PBXBuildFile; fileRef = 570B81C31F13765F006DE204 /* session_settings.cpp */; };
		570B82381F13765F006DE204 /* session_stats.cpp in Sources */ = {isa = PBXBuildFile; fileRef = 570B81C41F13765F006DE204 /* session_stats.cpp */; };
		570B82391F13765F006DE204 /* session.cpp in Sources */ = {isa = PBXBuildFile; fileRef = 570B81C51F13765F006DE204 /* session.cpp */; };
		570B823A1F13765F006DE204 /* settings_pack.cpp in Sources */ = {isa = PBXBuildFile; fileRef = 570B81C61F13765F006DE204 /* settings_pack.cpp */; };
		570B823B1F13765F006DE204 /* sha1.cpp in Sources */ = {isa = PBXBuildFile; fileRef = 570B81C71F13765F006DE204 /* sha1.cpp */; };
		570B823C1F13765F006DE204 /* smart_ban.cpp in Sources */ = {isa = PBXBuildFile; fileRef = 570B81C81F13765F006DE204 /* smart_ban.cpp */; };
		570B823D1F13765F006DE204 /* socket_io.cpp in Sources */ = {isa = PBXBuildFile; fileRef = 570B81C91F13765F006DE204 /* socket_io.cpp */; };
		570B823E1F13765F006DE204 /* socket_type.cpp in Sources */ = {isa = PBXBuildFile; fileRef = 570B81CA1F13765F006DE204 /* socket_type.cpp */; };
		570B823F1F13765F006DE204 /* socks5_stream.cpp in Sources */ = {isa = PBXBuildFile; fileRef = 570B81CB1F13765F006DE204 /* socks5_stream.cpp */; };
		570B82401F13765F006DE204 /* stat_cache.cpp in Sources */ = {isa = PBXBuildFile; fileRef = 570B81CC1F13765F006DE204 /* stat_cache.cpp */; };
		570B82411F13765F006DE204 /* stat.cpp in Sources */ = {isa = PBXBuildFile; fileRef = 570B81CD1F13765F006DE204 /* stat.cpp */; };
		570B82421F13765F006DE204 /* storage.cpp in Sources */ = {isa = PBXBuildFile; fileRef = 570B81CE1F13765F006DE204 /* storage.cpp */; };
		570B82431F13765F006DE204 /* string_util.cpp in Sources */ = {isa = PBXBuildFile; fileRef = 570B81CF1F13765F006DE204 /* string_util.cpp */; };
		570B82441F13765F006DE204 /* tailqueue.cpp in Sources */ = {isa = PBXBuildFile; fileRef = 570B81D01F13765F006DE204 /* tailqueue.cpp */; };
		570B82451F13765F006DE204 /* thread.cpp in Sources */ = {isa = PBXBuildFile; fileRef = 570B81D11F13765F006DE204 /* thread.cpp */; };
		570B82461F13765F006DE204 /* time.cpp in Sources */ = {isa = PBXBuildFile; fileRef = 570B81D21F13765F006DE204 /* time.cpp */; };
		570B82471F13765F006DE204 /* timestamp_history.cpp in Sources */ = {isa = PBXBuildFile; fileRef = 570B81D31F13765F006DE204 /* timestamp_history.cpp */; };
		570B82481F13765F006DE204 /* torrent_handle.cpp in Sources */ = {isa = PBXBuildFile; fileRef = 570B81D41F13765F006DE204 /* torrent_handle.cpp */; };
		570B82491F13765F006DE204 /* torrent_info.cpp in Sources */ = {isa = PBXBuildFile; fileRef = 570B81D51F13765F006DE204 /* torrent_info.cpp */; };
		570B824A1F13765F006DE204 /* torrent_peer_allocator.cpp in Sources */ = {isa = PBXBuildFile; fileRef = 570B81D61F13765F006DE204 /* torrent_peer_allocator.cpp */; };
		570B824B1F13765F006DE204 /* torrent_peer.cpp in Sources */ = {isa = PBXBuildFile; fileRef = 570B81D71F13765F006DE204 /* torrent_peer.cpp */; };
		570B824C1F13765F006DE204 /* torrent_status.cpp in Sources */ = {isa = PBXBuildFile; fileRef = 570B81D81F13765F006DE204 /* torrent_status.cpp */; };
		570B824D1F13765F006DE204 /* torrent.cpp in Sources */ = {isa = PBXBuildFile; fileRef = 570B81D91F13765F006DE204 /* torrent.cpp */; };
		570B824E1F13765F006DE204 /* tracker_manager.cpp in Sources */ = {isa = PBXBuildFile; fileRef = 570B81DA1F13765F006DE204 /* tracker_manager.cpp */; };
		570B824F1F13765F006DE204 /* udp_socket.cpp in Sources */ = {isa = PBXBuildFile; fileRef = 570B81DB1F13765F006DE204 /* udp_socket.cpp */; };
		570B82501F13765F006DE204 /* udp_tracker_connection.cpp in Sources */ = {isa = PBXBuildFile; fileRef = 570B81DC1F13765F006DE204 /* udp_tracker_connection.cpp */; };
		570B82511F13765F006DE204 /* upnp.cpp in Sources */ = {isa = PBXBuildFile; fileRef = 570B81DD1F13765F006DE204 /* upnp.cpp */; };
		570B82521F13765F006DE204 /* ut_metadata.cpp in Sources */ = {isa = PBXBuildFile; fileRef = 570B81DE1F13765F006DE204 /* ut_metadata.cpp */; };
		570B82531F13765F006DE204 /* ut_pex.cpp in Sources */ = {isa = PBXBuildFile; fileRef = 570B81DF1F13765F006DE204 /* ut_pex.cpp */; };
		570B82541F13765F006DE204 /* utf8.cpp in Sources */ = {isa = PBXBuildFile; fileRef = 570B81E01F13765F006DE204 /* utf8.cpp */; };
		570B82551F13765F006DE204 /* utp_socket_manager.cpp in Sources */ = {isa = PBXBuildFile; fileRef = 570B81E11F13765F006DE204 /* utp_socket_manager.cpp */; };
		570B82561F13765F006DE204 /* utp_stream.cpp in Sources */ = {isa = PBXBuildFile; fileRef = 570B81E21F13765F006DE204 /* utp_stream.cpp */; };
		570B82571F13765F006DE204 /* version.cpp in Sources */ = {isa = PBXBuildFile; fileRef = 570B81E31F13765F006DE204 /* version.cpp */; };
		570B82581F13765F006DE204 /* web_connection_base.cpp in Sources */ = {isa = PBXBuildFile; fileRef = 570B81E41F13765F006DE204 /* web_connection_base.cpp */; };
		570B82591F13765F006DE204 /* web_peer_connection.cpp in Sources */ = {isa = PBXBuildFile; fileRef = 570B81E51F13765F006DE204 /* web_peer_connection.cpp */; };
		570B825A1F13765F006DE204 /* xml_parse.cpp in Sources */ = {isa = PBXBuildFile; fileRef = 570B81E61F13765F006DE204 /* xml_parse.cpp */; };
		577CF2421BEA138300AA21D6 /* libboost_filesystem.a in Frameworks */ = {isa = PBXBuildFile; fileRef = 577CF2401BEA138300AA21D6 /* libboost_filesystem.a */; };
		577CF2431BEA138300AA21D6 /* libboost_system.a in Frameworks */ = {isa = PBXBuildFile; fileRef = 577CF2411BEA138300AA21D6 /* libboost_system.a */; };
/* End PBXBuildFile section */

/* Begin PBXCopyFilesBuildPhase section */
		577CF13E1BEA11C400AA21D6 /* CopyFiles */ = {
			isa = PBXCopyFilesBuildPhase;
			buildActionMask = 2147483647;
			dstPath = "include/$(PRODUCT_NAME)";
			dstSubfolderSpec = 16;
			files = (
			);
			runOnlyForDeploymentPostprocessing = 0;
		};
/* End PBXCopyFilesBuildPhase section */

/* Begin PBXFileReference section */
		570B81391F137608006DE204 /* add_scalar.cpp */ = {isa = PBXFileReference; fileEncoding = 4; lastKnownFileType = sourcecode.cpp.cpp; path = add_scalar.cpp; sourceTree = "<group>"; };
		570B813A1F137608006DE204 /* fe.cpp */ = {isa = PBXFileReference; fileEncoding = 4; lastKnownFileType = sourcecode.cpp.cpp; path = fe.cpp; sourceTree = "<group>"; };
		570B813B1F137608006DE204 /* fe.h */ = {isa = PBXFileReference; fileEncoding = 4; lastKnownFileType = sourcecode.c.h; path = fe.h; sourceTree = "<group>"; };
		570B813C1F137608006DE204 /* fixedint.h */ = {isa = PBXFileReference; fileEncoding = 4; lastKnownFileType = sourcecode.c.h; path = fixedint.h; sourceTree = "<group>"; };
		570B813D1F137608006DE204 /* ge.cpp */ = {isa = PBXFileReference; fileEncoding = 4; lastKnownFileType = sourcecode.cpp.cpp; path = ge.cpp; sourceTree = "<group>"; };
		570B813E1F137608006DE204 /* ge.h */ = {isa = PBXFileReference; fileEncoding = 4; lastKnownFileType = sourcecode.c.h; path = ge.h; sourceTree = "<group>"; };
		570B813F1F137608006DE204 /* key_exchange.cpp */ = {isa = PBXFileReference; fileEncoding = 4; lastKnownFileType = sourcecode.cpp.cpp; path = key_exchange.cpp; sourceTree = "<group>"; };
		570B81401F137608006DE204 /* keypair.cpp */ = {isa = PBXFileReference; fileEncoding = 4; lastKnownFileType = sourcecode.cpp.cpp; path = keypair.cpp; sourceTree = "<group>"; };
		570B81411F137608006DE204 /* precomp_data.h */ = {isa = PBXFileReference; fileEncoding = 4; lastKnownFileType = sourcecode.c.h; path = precomp_data.h; sourceTree = "<group>"; };
		570B81421F137608006DE204 /* sc.cpp */ = {isa = PBXFileReference; fileEncoding = 4; lastKnownFileType = sourcecode.cpp.cpp; path = sc.cpp; sourceTree = "<group>"; };
		570B81431F137608006DE204 /* sc.h */ = {isa = PBXFileReference; fileEncoding = 4; lastKnownFileType = sourcecode.c.h; path = sc.h; sourceTree = "<group>"; };
		570B81441F137608006DE204 /* seed.cpp */ = {isa = PBXFileReference; fileEncoding = 4; lastKnownFileType = sourcecode.cpp.cpp; path = seed.cpp; sourceTree = "<group>"; };
		570B81451F137608006DE204 /* sha512.cpp */ = {isa = PBXFileReference; fileEncoding = 4; lastKnownFileType = sourcecode.cpp.cpp; path = sha512.cpp; sourceTree = "<group>"; };
		570B81461F137608006DE204 /* sha512.h */ = {isa = PBXFileReference; fileEncoding = 4; lastKnownFileType = sourcecode.c.h; path = sha512.h; sourceTree = "<group>"; };
		570B81471F137608006DE204 /* sign.cpp */ = {isa = PBXFileReference; fileEncoding = 4; lastKnownFileType = sourcecode.cpp.cpp; path = sign.cpp; sourceTree = "<group>"; };
		570B81481F137608006DE204 /* verify.cpp */ = {isa = PBXFileReference; fileEncoding = 4; lastKnownFileType = sourcecode.cpp.cpp; path = verify.cpp; sourceTree = "<group>"; };
		570B81531F137625006DE204 /* dht_storage.cpp */ = {isa = PBXFileReference; fileEncoding = 4; lastKnownFileType = sourcecode.cpp.cpp; path = dht_storage.cpp; sourceTree = "<group>"; };
		570B81541F137625006DE204 /* dht_tracker.cpp */ = {isa = PBXFileReference; fileEncoding = 4; lastKnownFileType = sourcecode.cpp.cpp; path = dht_tracker.cpp; sourceTree = "<group>"; };
		570B81551F137625006DE204 /* dos_blocker.cpp */ = {isa = PBXFileReference; fileEncoding = 4; lastKnownFileType = sourcecode.cpp.cpp; path = dos_blocker.cpp; sourceTree = "<group>"; };
		570B81561F137625006DE204 /* find_data.cpp */ = {isa = PBXFileReference; fileEncoding = 4; lastKnownFileType = sourcecode.cpp.cpp; path = find_data.cpp; sourceTree = "<group>"; };
		570B81571F137625006DE204 /* get_item.cpp */ = {isa = PBXFileReference; fileEncoding = 4; lastKnownFileType = sourcecode.cpp.cpp; path = get_item.cpp; sourceTree = "<group>"; };
		570B81581F137625006DE204 /* get_peers.cpp */ = {isa = PBXFileReference; fileEncoding = 4; lastKnownFileType = sourcecode.cpp.cpp; path = get_peers.cpp; sourceTree = "<group>"; };
		570B81591F137625006DE204 /* item.cpp */ = {isa = PBXFileReference; fileEncoding = 4; lastKnownFileType = sourcecode.cpp.cpp; path = item.cpp; sourceTree = "<group>"; };
		570B815A1F137625006DE204 /* msg.cpp */ = {isa = PBXFileReference; fileEncoding = 4; lastKnownFileType = sourcecode.cpp.cpp; path = msg.cpp; sourceTree = "<group>"; };
		570B815B1F137625006DE204 /* node_entry.cpp */ = {isa = PBXFileReference; fileEncoding = 4; lastKnownFileType = sourcecode.cpp.cpp; path = node_entry.cpp; sourceTree = "<group>"; };
		570B815C1F137625006DE204 /* node_id.cpp */ = {isa = PBXFileReference; fileEncoding = 4; lastKnownFileType = sourcecode.cpp.cpp; path = node_id.cpp; sourceTree = "<group>"; };
		570B815D1F137625006DE204 /* node.cpp */ = {isa = PBXFileReference; fileEncoding = 4; lastKnownFileType = sourcecode.cpp.cpp; path = node.cpp; sourceTree = "<group>"; };
		570B815E1F137625006DE204 /* put_data.cpp */ = {isa = PBXFileReference; fileEncoding = 4; lastKnownFileType = sourcecode.cpp.cpp; path = put_data.cpp; sourceTree = "<group>"; };
		570B815F1F137625006DE204 /* refresh.cpp */ = {isa = PBXFileReference; fileEncoding = 4; lastKnownFileType = sourcecode.cpp.cpp; path = refresh.cpp; sourceTree = "<group>"; };
		570B81601F137625006DE204 /* routing_table.cpp */ = {isa = PBXFileReference; fileEncoding = 4; lastKnownFileType = sourcecode.cpp.cpp; path = routing_table.cpp; sourceTree = "<group>"; };
		570B81611F137625006DE204 /* rpc_manager.cpp */ = {isa = PBXFileReference; fileEncoding = 4; lastKnownFileType = sourcecode.cpp.cpp; path = rpc_manager.cpp; sourceTree = "<group>"; };
		570B81621F137625006DE204 /* traversal_algorithm.cpp */ = {isa = PBXFileReference; fileEncoding = 4; lastKnownFileType = sourcecode.cpp.cpp; path = traversal_algorithm.cpp; sourceTree = "<group>"; };
		570B81731F13765F006DE204 /* alert_manager.cpp */ = {isa = PBXFileReference; fileEncoding = 4; lastKnownFileType = sourcecode.cpp.cpp; name = alert_manager.cpp; path = src/alert_manager.cpp; sourceTree = "<group>"; };
		570B81741F13765F006DE204 /* alert.cpp */ = {isa = PBXFileReference; fileEncoding = 4; lastKnownFileType = sourcecode.cpp.cpp; name = alert.cpp; path = src/alert.cpp; sourceTree = "<group>"; };
		570B81751F13765F006DE204 /* allocator.cpp */ = {isa = PBXFileReference; fileEncoding = 4; lastKnownFileType = sourcecode.cpp.cpp; name = allocator.cpp; path = src/allocator.cpp; sourceTree = "<group>"; };
		570B81761F13765F006DE204 /* announce_entry.cpp */ = {isa = PBXFileReference; fileEncoding = 4; lastKnownFileType = sourcecode.cpp.cpp; name = announce_entry.cpp; path = src/announce_entry.cpp; sourceTree = "<group>"; };
		570B81771F13765F006DE204 /* assert.cpp */ = {isa = PBXFileReference; fileEncoding = 4; lastKnownFileType = sourcecode.cpp.cpp; name = assert.cpp; path = src/assert.cpp; sourceTree = "<group>"; };
		570B81781F13765F006DE204 /* bandwidth_limit.cpp */ = {isa = PBXFileReference; fileEncoding = 4; lastKnownFileType = sourcecode.cpp.cpp; name = bandwidth_limit.cpp; path = src/bandwidth_limit.cpp; sourceTree = "<group>"; };
		570B81791F13765F006DE204 /* bandwidth_manager.cpp */ = {isa = PBXFileReference; fileEncoding = 4; lastKnownFileType = sourcecode.cpp.cpp; name = bandwidth_manager.cpp; path = src/bandwidth_manager.cpp; sourceTree = "<group>"; };
		570B817A1F13765F006DE204 /* bandwidth_queue_entry.cpp */ = {isa = PBXFileReference; fileEncoding = 4; lastKnownFileType = sourcecode.cpp.cpp; name = bandwidth_queue_entry.cpp; path = src/bandwidth_queue_entry.cpp; sourceTree = "<group>"; };
		570B817B1F13765F006DE204 /* bdecode.cpp */ = {isa = PBXFileReference; fileEncoding = 4; lastKnownFileType = sourcecode.cpp.cpp; name = bdecode.cpp; path = src/bdecode.cpp; sourceTree = "<group>"; };
		570B817C1F13765F006DE204 /* bitfield.cpp */ = {isa = PBXFileReference; fileEncoding = 4; lastKnownFileType = sourcecode.cpp.cpp; name = bitfield.cpp; path = src/bitfield.cpp; sourceTree = "<group>"; };
		570B817D1F13765F006DE204 /* block_cache.cpp */ = {isa = PBXFileReference; fileEncoding = 4; lastKnownFileType = sourcecode.cpp.cpp; name = block_cache.cpp; path = src/block_cache.cpp; sourceTree = "<group>"; };
		570B817E1F13765F006DE204 /* bloom_filter.cpp */ = {isa = PBXFileReference; fileEncoding = 4; lastKnownFileType = sourcecode.cpp.cpp; name = bloom_filter.cpp; path = src/bloom_filter.cpp; sourceTree = "<group>"; };
		570B817F1F13765F006DE204 /* broadcast_socket.cpp */ = {isa = PBXFileReference; fileEncoding = 4; lastKnownFileType = sourcecode.cpp.cpp; name = broadcast_socket.cpp; path = src/broadcast_socket.cpp; sourceTree = "<group>"; };
		570B81801F13765F006DE204 /* bt_peer_connection.cpp */ = {isa = PBXFileReference; fileEncoding = 4; lastKnownFileType = sourcecode.cpp.cpp; name = bt_peer_connection.cpp; path = src/bt_peer_connection.cpp; sourceTree = "<group>"; };
		570B81811F13765F006DE204 /* chained_buffer.cpp */ = {isa = PBXFileReference; fileEncoding = 4; lastKnownFileType = sourcecode.cpp.cpp; name = chained_buffer.cpp; path = src/chained_buffer.cpp; sourceTree = "<group>"; };
		570B81821F13765F006DE204 /* choker.cpp */ = {isa = PBXFileReference; fileEncoding = 4; lastKnownFileType = sourcecode.cpp.cpp; name = choker.cpp; path = src/choker.cpp; sourceTree = "<group>"; };
		570B81831F13765F006DE204 /* close_reason.cpp */ = {isa = PBXFileReference; fileEncoding = 4; lastKnownFileType = sourcecode.cpp.cpp; name = close_reason.cpp; path = src/close_reason.cpp; sourceTree = "<group>"; };
		570B81841F13765F006DE204 /* ConvertUTF.cpp */ = {isa = PBXFileReference; fileEncoding = 4; lastKnownFileType = sourcecode.cpp.cpp; name = ConvertUTF.cpp; path = src/ConvertUTF.cpp; sourceTree = "<group>"; };
		570B81851F13765F006DE204 /* cpuid.cpp */ = {isa = PBXFileReference; fileEncoding = 4; lastKnownFileType = sourcecode.cpp.cpp; name = cpuid.cpp; path = src/cpuid.cpp; sourceTree = "<group>"; };
		570B81861F13765F006DE204 /* crc32c.cpp */ = {isa = PBXFileReference; fileEncoding = 4; lastKnownFileType = sourcecode.cpp.cpp; name = crc32c.cpp; path = src/crc32c.cpp; sourceTree = "<group>"; };
		570B81871F13765F006DE204 /* create_torrent.cpp */ = {isa = PBXFileReference; fileEncoding = 4; lastKnownFileType = sourcecode.cpp.cpp; name = create_torrent.cpp; path = src/create_torrent.cpp; sourceTree = "<group>"; };
		570B81881F13765F006DE204 /* disk_buffer_holder.cpp */ = {isa = PBXFileReference; fileEncoding = 4; lastKnownFileType = sourcecode.cpp.cpp; name = disk_buffer_holder.cpp; path = src/disk_buffer_holder.cpp; sourceTree = "<group>"; };
		570B81891F13765F006DE204 /* disk_buffer_pool.cpp */ = {isa = PBXFileReference; fileEncoding = 4; lastKnownFileType = sourcecode.cpp.cpp; name = disk_buffer_pool.cpp; path = src/disk_buffer_pool.cpp; sourceTree = "<group>"; };
		570B818A1F13765F006DE204 /* disk_io_job.cpp */ = {isa = PBXFileReference; fileEncoding = 4; lastKnownFileType = sourcecode.cpp.cpp; name = disk_io_job.cpp; path = src/disk_io_job.cpp; sourceTree = "<group>"; };
		570B818B1F13765F006DE204 /* disk_io_thread.cpp */ = {isa = PBXFileReference; fileEncoding = 4; lastKnownFileType = sourcecode.cpp.cpp; name = disk_io_thread.cpp; path = src/disk_io_thread.cpp; sourceTree = "<group>"; };
		570B818C1F13765F006DE204 /* disk_job_pool.cpp */ = {isa = PBXFileReference; fileEncoding = 4; lastKnownFileType = sourcecode.cpp.cpp; name = disk_job_pool.cpp; path = src/disk_job_pool.cpp; sourceTree = "<group>"; };
		570B818D1F13765F006DE204 /* entry.cpp */ = {isa = PBXFileReference; fileEncoding = 4; lastKnownFileType = sourcecode.cpp.cpp; name = entry.cpp; path = src/entry.cpp; sourceTree = "<group>"; };
		570B818E1F13765F006DE204 /* enum_net.cpp */ = {isa = PBXFileReference; fileEncoding = 4; lastKnownFileType = sourcecode.cpp.cpp; name = enum_net.cpp; path = src/enum_net.cpp; sourceTree = "<group>"; };
		570B818F1F13765F006DE204 /* error_code.cpp */ = {isa = PBXFileReference; fileEncoding = 4; lastKnownFileType = sourcecode.cpp.cpp; name = error_code.cpp; path = src/error_code.cpp; sourceTree = "<group>"; };
		570B81901F13765F006DE204 /* escape_string.cpp */ = {isa = PBXFileReference; fileEncoding = 4; lastKnownFileType = sourcecode.cpp.cpp; name = escape_string.cpp; path = src/escape_string.cpp; sourceTree = "<group>"; };
		570B81911F13765F006DE204 /* file_pool.cpp */ = {isa = PBXFileReference; fileEncoding = 4; lastKnownFileType = sourcecode.cpp.cpp; name = file_pool.cpp; path = src/file_pool.cpp; sourceTree = "<group>"; };
		570B81921F13765F006DE204 /* file_progress.cpp */ = {isa = PBXFileReference; fileEncoding = 4; lastKnownFileType = sourcecode.cpp.cpp; name = file_progress.cpp; path = src/file_progress.cpp; sourceTree = "<group>"; };
		570B81931F13765F006DE204 /* file_storage.cpp */ = {isa = PBXFileReference; fileEncoding = 4; lastKnownFileType = sourcecode.cpp.cpp; name = file_storage.cpp; path = src/file_storage.cpp; sourceTree = "<group>"; };
		570B81941F13765F006DE204 /* file.cpp */ = {isa = PBXFileReference; fileEncoding = 4; lastKnownFileType = sourcecode.cpp.cpp; name = file.cpp; path = src/file.cpp; sourceTree = "<group>"; };
		570B81951F13765F006DE204 /* fingerprint.cpp */ = {isa = PBXFileReference; fileEncoding = 4; lastKnownFileType = sourcecode.cpp.cpp; name = fingerprint.cpp; path = src/fingerprint.cpp; sourceTree = "<group>"; };
		570B81961F13765F006DE204 /* gzip.cpp */ = {isa = PBXFileReference; fileEncoding = 4; lastKnownFileType = sourcecode.cpp.cpp; name = gzip.cpp; path = src/gzip.cpp; sourceTree = "<group>"; };
		570B81971F13765F006DE204 /* hasher.cpp */ = {isa = PBXFileReference; fileEncoding = 4; lastKnownFileType = sourcecode.cpp.cpp; name = hasher.cpp; path = src/hasher.cpp; sourceTree = "<group>"; };
		570B81981F13765F006DE204 /* hex.cpp */ = {isa = PBXFileReference; fileEncoding = 4; lastKnownFileType = sourcecode.cpp.cpp; name = hex.cpp; path = src/hex.cpp; sourceTree = "<group>"; };
		570B81991F13765F006DE204 /* http_connection.cpp */ = {isa = PBXFileReference; fileEncoding = 4; lastKnownFileType = sourcecode.cpp.cpp; name = http_connection.cpp; path = src/http_connection.cpp; sourceTree = "<group>"; };
		570B819A1F13765F006DE204 /* http_parser.cpp */ = {isa = PBXFileReference; fileEncoding = 4; lastKnownFileType = sourcecode.cpp.cpp; name = http_parser.cpp; path = src/http_parser.cpp; sourceTree = "<group>"; };
		570B819B1F13765F006DE204 /* http_seed_connection.cpp */ = {isa = PBXFileReference; fileEncoding = 4; lastKnownFileType = sourcecode.cpp.cpp; name = http_seed_connection.cpp; path = src/http_seed_connection.cpp; sourceTree = "<group>"; };
		570B819C1F13765F006DE204 /* http_stream.cpp */ = {isa = PBXFileReference; fileEncoding = 4; lastKnownFileType = sourcecode.cpp.cpp; name = http_stream.cpp; path = src/http_stream.cpp; sourceTree = "<group>"; };
		570B819D1F13765F006DE204 /* http_tracker_connection.cpp */ = {isa = PBXFileReference; fileEncoding = 4; lastKnownFileType = sourcecode.cpp.cpp; name = http_tracker_connection.cpp; path = src/http_tracker_connection.cpp; sourceTree = "<group>"; };
		570B819E1F13765F006DE204 /* i2p_stream.cpp */ = {isa = PBXFileReference; fileEncoding = 4; lastKnownFileType = sourcecode.cpp.cpp; name = i2p_stream.cpp; path = src/i2p_stream.cpp; sourceTree = "<group>"; };
		570B819F1F13765F006DE204 /* identify_client.cpp */ = {isa = PBXFileReference; fileEncoding = 4; lastKnownFileType = sourcecode.cpp.cpp; name = identify_client.cpp; path = src/identify_client.cpp; sourceTree = "<group>"; };
		570B81A01F13765F006DE204 /* instantiate_connection.cpp */ = {isa = PBXFileReference; fileEncoding = 4; lastKnownFileType = sourcecode.cpp.cpp; name = instantiate_connection.cpp; path = src/instantiate_connection.cpp; sourceTree = "<group>"; };
		570B81A11F13765F006DE204 /* ip_filter.cpp */ = {isa = PBXFileReference; fileEncoding = 4; lastKnownFileType = sourcecode.cpp.cpp; name = ip_filter.cpp; path = src/ip_filter.cpp; sourceTree = "<group>"; };
		570B81A21F13765F006DE204 /* ip_voter.cpp */ = {isa = PBXFileReference; fileEncoding = 4; lastKnownFileType = sourcecode.cpp.cpp; name = ip_voter.cpp; path = src/ip_voter.cpp; sourceTree = "<group>"; };
		570B81A31F13765F006DE204 /* lazy_bdecode.cpp */ = {isa = PBXFileReference; fileEncoding = 4; lastKnownFileType = sourcecode.cpp.cpp; name = lazy_bdecode.cpp; path = src/lazy_bdecode.cpp; sourceTree = "<group>"; };
		570B81A41F13765F006DE204 /* lsd.cpp */ = {isa = PBXFileReference; fileEncoding = 4; lastKnownFileType = sourcecode.cpp.cpp; name = lsd.cpp; path = src/lsd.cpp; sourceTree = "<group>"; };
		570B81A51F13765F006DE204 /* lt_trackers.cpp */ = {isa = PBXFileReference; fileEncoding = 4; lastKnownFileType = sourcecode.cpp.cpp; name = lt_trackers.cpp; path = src/lt_trackers.cpp; sourceTree = "<group>"; };
		570B81A61F13765F006DE204 /* magnet_uri.cpp */ = {isa = PBXFileReference; fileEncoding = 4; lastKnownFileType = sourcecode.cpp.cpp; name = magnet_uri.cpp; path = src/magnet_uri.cpp; sourceTree = "<group>"; };
		570B81A71F13765F006DE204 /* merkle.cpp */ = {isa = PBXFileReference; fileEncoding = 4; lastKnownFileType = sourcecode.cpp.cpp; name = merkle.cpp; path = src/merkle.cpp; sourceTree = "<group>"; };
		570B81A81F13765F006DE204 /* metadata_transfer.cpp */ = {isa = PBXFileReference; fileEncoding = 4; lastKnownFileType = sourcecode.cpp.cpp; name = metadata_transfer.cpp; path = src/metadata_transfer.cpp; sourceTree = "<group>"; };
		570B81A91F13765F006DE204 /* mpi.cpp */ = {isa = PBXFileReference; fileEncoding = 4; lastKnownFileType = sourcecode.cpp.cpp; name = mpi.cpp; path = src/mpi.cpp; sourceTree = "<group>"; };
		570B81AA1F13765F006DE204 /* natpmp.cpp */ = {isa = PBXFileReference; fileEncoding = 4; lastKnownFileType = sourcecode.cpp.cpp; name = natpmp.cpp; path = src/natpmp.cpp; sourceTree = "<group>"; };
		570B81AB1F13765F006DE204 /* packet_buffer.cpp */ = {isa = PBXFileReference; fileEncoding = 4; lastKnownFileType = sourcecode.cpp.cpp; name = packet_buffer.cpp; path = src/packet_buffer.cpp; sourceTree = "<group>"; };
		570B81AC1F13765F006DE204 /* parse_url.cpp */ = {isa = PBXFileReference; fileEncoding = 4; lastKnownFileType = sourcecode.cpp.cpp; name = parse_url.cpp; path = src/parse_url.cpp; sourceTree = "<group>"; };
		570B81AD1F13765F006DE204 /* part_file.cpp */ = {isa = PBXFileReference; fileEncoding = 4; lastKnownFileType = sourcecode.cpp.cpp; name = part_file.cpp; path = src/part_file.cpp; sourceTree = "<group>"; };
		570B81AE1F13765F006DE204 /* pe_crypto.cpp */ = {isa = PBXFileReference; fileEncoding = 4; lastKnownFileType = sourcecode.cpp.cpp; name = pe_crypto.cpp; path = src/pe_crypto.cpp; sourceTree = "<group>"; };
		570B81AF1F13765F006DE204 /* peer_class_set.cpp */ = {isa = PBXFileReference; fileEncoding = 4; lastKnownFileType = sourcecode.cpp.cpp; name = peer_class_set.cpp; path = src/peer_class_set.cpp; sourceTree = "<group>"; };
		570B81B01F13765F006DE204 /* peer_class.cpp */ = {isa = PBXFileReference; fileEncoding = 4; lastKnownFileType = sourcecode.cpp.cpp; name = peer_class.cpp; path = src/peer_class.cpp; sourceTree = "<group>"; };
		570B81B11F13765F006DE204 /* peer_connection_handle.cpp */ = {isa = PBXFileReference; fileEncoding = 4; lastKnownFileType = sourcecode.cpp.cpp; name = peer_connection_handle.cpp; path = src/peer_connection_handle.cpp; sourceTree = "<group>"; };
		570B81B21F13765F006DE204 /* peer_connection.cpp */ = {isa = PBXFileReference; fileEncoding = 4; lastKnownFileType = sourcecode.cpp.cpp; name = peer_connection.cpp; path = src/peer_connection.cpp; sourceTree = "<group>"; };
		570B81B31F13765F006DE204 /* peer_list.cpp */ = {isa = PBXFileReference; fileEncoding = 4; lastKnownFileType = sourcecode.cpp.cpp; name = peer_list.cpp; path = src/peer_list.cpp; sourceTree = "<group>"; };
		570B81B41F13765F006DE204 /* performance_counters.cpp */ = {isa = PBXFileReference; fileEncoding = 4; lastKnownFileType = sourcecode.cpp.cpp; name = performance_counters.cpp; path = src/performance_counters.cpp; sourceTree = "<group>"; };
		570B81B51F13765F006DE204 /* piece_picker.cpp */ = {isa = PBXFileReference; fileEncoding = 4; lastKnownFileType = sourcecode.cpp.cpp; name = piece_picker.cpp; path = src/piece_picker.cpp; sourceTree = "<group>"; };
		570B81B61F13765F006DE204 /* platform_util.cpp */ = {isa = PBXFileReference; fileEncoding = 4; lastKnownFileType = sourcecode.cpp.cpp; name = platform_util.cpp; path = src/platform_util.cpp; sourceTree = "<group>"; };
		570B81B71F13765F006DE204 /* proxy_base.cpp */ = {isa = PBXFileReference; fileEncoding = 4; lastKnownFileType = sourcecode.cpp.cpp; name = proxy_base.cpp; path = src/proxy_base.cpp; sourceTree = "<group>"; };
		570B81B81F13765F006DE204 /* proxy_settings.cpp */ = {isa = PBXFileReference; fileEncoding = 4; lastKnownFileType = sourcecode.cpp.cpp; name = proxy_settings.cpp; path = src/proxy_settings.cpp; sourceTree = "<group>"; };
		570B81B91F13765F006DE204 /* puff.cpp */ = {isa = PBXFileReference; fileEncoding = 4; lastKnownFileType = sourcecode.cpp.cpp; name = puff.cpp; path = src/puff.cpp; sourceTree = "<group>"; };
		570B81BA1F13765F006DE204 /* random.cpp */ = {isa = PBXFileReference; fileEncoding = 4; lastKnownFileType = sourcecode.cpp.cpp; name = random.cpp; path = src/random.cpp; sourceTree = "<group>"; };
		570B81BB1F13765F006DE204 /* receive_buffer.cpp */ = {isa = PBXFileReference; fileEncoding = 4; lastKnownFileType = sourcecode.cpp.cpp; name = receive_buffer.cpp; path = src/receive_buffer.cpp; sourceTree = "<group>"; };
		570B81BC1F13765F006DE204 /* request_blocks.cpp */ = {isa = PBXFileReference; fileEncoding = 4; lastKnownFileType = sourcecode.cpp.cpp; name = request_blocks.cpp; path = src/request_blocks.cpp; sourceTree = "<group>"; };
		570B81BD1F13765F006DE204 /* resolve_links.cpp */ = {isa = PBXFileReference; fileEncoding = 4; lastKnownFileType = sourcecode.cpp.cpp; name = resolve_links.cpp; path = src/resolve_links.cpp; sourceTree = "<group>"; };
		570B81BE1F13765F006DE204 /* resolver.cpp */ = {isa = PBXFileReference; fileEncoding = 4; lastKnownFileType = sourcecode.cpp.cpp; name = resolver.cpp; path = src/resolver.cpp; sourceTree = "<group>"; };
		570B81BF1F13765F006DE204 /* rss.cpp */ = {isa = PBXFileReference; fileEncoding = 4; lastKnownFileType = sourcecode.cpp.cpp; name = rss.cpp; path = src/rss.cpp; sourceTree = "<group>"; };
		570B81C01F13765F006DE204 /* session_call.cpp */ = {isa = PBXFileReference; fileEncoding = 4; lastKnownFileType = sourcecode.cpp.cpp; name = session_call.cpp; path = src/session_call.cpp; sourceTree = "<group>"; };
		570B81C11F13765F006DE204 /* session_handle.cpp */ = {isa = PBXFileReference; fileEncoding = 4; lastKnownFileType = sourcecode.cpp.cpp; name = session_handle.cpp; path = src/session_handle.cpp; sourceTree = "<group>"; };
		570B81C21F13765F006DE204 /* session_impl.cpp */ = {isa = PBXFileReference; fileEncoding = 4; lastKnownFileType = sourcecode.cpp.cpp; name = session_impl.cpp; path = src/session_impl.cpp; sourceTree = "<group>"; };
		570B81C31F13765F006DE204 /* session_settings.cpp */ = {isa = PBXFileReference; fileEncoding = 4; lastKnownFileType = sourcecode.cpp.cpp; name = session_settings.cpp; path = src/session_settings.cpp; sourceTree = "<group>"; };
		570B81C41F13765F006DE204 /* session_stats.cpp */ = {isa = PBXFileReference; fileEncoding = 4; lastKnownFileType = sourcecode.cpp.cpp; name = session_stats.cpp; path = src/session_stats.cpp; sourceTree = "<group>"; };
		570B81C51F13765F006DE204 /* session.cpp */ = {isa = PBXFileReference; fileEncoding = 4; lastKnownFileType = sourcecode.cpp.cpp; name = session.cpp; path = src/session.cpp; sourceTree = "<group>"; };
		570B81C61F13765F006DE204 /* settings_pack.cpp */ = {isa = PBXFileReference; fileEncoding = 4; lastKnownFileType = sourcecode.cpp.cpp; name = settings_pack.cpp; path = src/settings_pack.cpp; sourceTree = "<group>"; };
		570B81C71F13765F006DE204 /* sha1.cpp */ = {isa = PBXFileReference; fileEncoding = 4; lastKnownFileType = sourcecode.cpp.cpp; name = sha1.cpp; path = src/sha1.cpp; sourceTree = "<group>"; };
		570B81C81F13765F006DE204 /* smart_ban.cpp */ = {isa = PBXFileReference; fileEncoding = 4; lastKnownFileType = sourcecode.cpp.cpp; name = smart_ban.cpp; path = src/smart_ban.cpp; sourceTree = "<group>"; };
		570B81C91F13765F006DE204 /* socket_io.cpp */ = {isa = PBXFileReference; fileEncoding = 4; lastKnownFileType = sourcecode.cpp.cpp; name = socket_io.cpp; path = src/socket_io.cpp; sourceTree = "<group>"; };
		570B81CA1F13765F006DE204 /* socket_type.cpp */ = {isa = PBXFileReference; fileEncoding = 4; lastKnownFileType = sourcecode.cpp.cpp; name = socket_type.cpp; path = src/socket_type.cpp; sourceTree = "<group>"; };
		570B81CB1F13765F006DE204 /* socks5_stream.cpp */ = {isa = PBXFileReference; fileEncoding = 4; lastKnownFileType = sourcecode.cpp.cpp; name = socks5_stream.cpp; path = src/socks5_stream.cpp; sourceTree = "<group>"; };
		570B81CC1F13765F006DE204 /* stat_cache.cpp */ = {isa = PBXFileReference; fileEncoding = 4; lastKnownFileType = sourcecode.cpp.cpp; name = stat_cache.cpp; path = src/stat_cache.cpp; sourceTree = "<group>"; };
		570B81CD1F13765F006DE204 /* stat.cpp */ = {isa = PBXFileReference; fileEncoding = 4; lastKnownFileType = sourcecode.cpp.cpp; name = stat.cpp; path = src/stat.cpp; sourceTree = "<group>"; };
		570B81CE1F13765F006DE204 /* storage.cpp */ = {isa = PBXFileReference; fileEncoding = 4; lastKnownFileType = sourcecode.cpp.cpp; name = storage.cpp; path = src/storage.cpp; sourceTree = "<group>"; };
		570B81CF1F13765F006DE204 /* string_util.cpp */ = {isa = PBXFileReference; fileEncoding = 4; lastKnownFileType = sourcecode.cpp.cpp; name = string_util.cpp; path = src/string_util.cpp; sourceTree = "<group>"; };
		570B81D01F13765F006DE204 /* tailqueue.cpp */ = {isa = PBXFileReference; fileEncoding = 4; lastKnownFileType = sourcecode.cpp.cpp; name = tailqueue.cpp; path = src/tailqueue.cpp; sourceTree = "<group>"; };
		570B81D11F13765F006DE204 /* thread.cpp */ = {isa = PBXFileReference; fileEncoding = 4; lastKnownFileType = sourcecode.cpp.cpp; name = thread.cpp; path = src/thread.cpp; sourceTree = "<group>"; };
		570B81D21F13765F006DE204 /* time.cpp */ = {isa = PBXFileReference; fileEncoding = 4; lastKnownFileType = sourcecode.cpp.cpp; name = time.cpp; path = src/time.cpp; sourceTree = "<group>"; };
		570B81D31F13765F006DE204 /* timestamp_history.cpp */ = {isa = PBXFileReference; fileEncoding = 4; lastKnownFileType = sourcecode.cpp.cpp; name = timestamp_history.cpp; path = src/timestamp_history.cpp; sourceTree = "<group>"; };
		570B81D41F13765F006DE204 /* torrent_handle.cpp */ = {isa = PBXFileReference; fileEncoding = 4; lastKnownFileType = sourcecode.cpp.cpp; name = torrent_handle.cpp; path = src/torrent_handle.cpp; sourceTree = "<group>"; };
		570B81D51F13765F006DE204 /* torrent_info.cpp */ = {isa = PBXFileReference; fileEncoding = 4; lastKnownFileType = sourcecode.cpp.cpp; name = torrent_info.cpp; path = src/torrent_info.cpp; sourceTree = "<group>"; };
		570B81D61F13765F006DE204 /* torrent_peer_allocator.cpp */ = {isa = PBXFileReference; fileEncoding = 4; lastKnownFileType = sourcecode.cpp.cpp; name = torrent_peer_allocator.cpp; path = src/torrent_peer_allocator.cpp; sourceTree = "<group>"; };
		570B81D71F13765F006DE204 /* torrent_peer.cpp */ = {isa = PBXFileReference; fileEncoding = 4; lastKnownFileType = sourcecode.cpp.cpp; name = torrent_peer.cpp; path = src/torrent_peer.cpp; sourceTree = "<group>"; };
		570B81D81F13765F006DE204 /* torrent_status.cpp */ = {isa = PBXFileReference; fileEncoding = 4; lastKnownFileType = sourcecode.cpp.cpp; name = torrent_status.cpp; path = src/torrent_status.cpp; sourceTree = "<group>"; };
		570B81D91F13765F006DE204 /* torrent.cpp */ = {isa = PBXFileReference; fileEncoding = 4; lastKnownFileType = sourcecode.cpp.cpp; name = torrent.cpp; path = src/torrent.cpp; sourceTree = "<group>"; };
		570B81DA1F13765F006DE204 /* tracker_manager.cpp */ = {isa = PBXFileReference; fileEncoding = 4; lastKnownFileType = sourcecode.cpp.cpp; name = tracker_manager.cpp; path = src/tracker_manager.cpp; sourceTree = "<group>"; };
		570B81DB1F13765F006DE204 /* udp_socket.cpp */ = {isa = PBXFileReference; fileEncoding = 4; lastKnownFileType = sourcecode.cpp.cpp; name = udp_socket.cpp; path = src/udp_socket.cpp; sourceTree = "<group>"; };
		570B81DC1F13765F006DE204 /* udp_tracker_connection.cpp */ = {isa = PBXFileReference; fileEncoding = 4; lastKnownFileType = sourcecode.cpp.cpp; name = udp_tracker_connection.cpp; path = src/udp_tracker_connection.cpp; sourceTree = "<group>"; };
		570B81DD1F13765F006DE204 /* upnp.cpp */ = {isa = PBXFileReference; fileEncoding = 4; lastKnownFileType = sourcecode.cpp.cpp; name = upnp.cpp; path = src/upnp.cpp; sourceTree = "<group>"; };
		570B81DE1F13765F006DE204 /* ut_metadata.cpp */ = {isa = PBXFileReference; fileEncoding = 4; lastKnownFileType = sourcecode.cpp.cpp; name = ut_metadata.cpp; path = src/ut_metadata.cpp; sourceTree = "<group>"; };
		570B81DF1F13765F006DE204 /* ut_pex.cpp */ = {isa = PBXFileReference; fileEncoding = 4; lastKnownFileType = sourcecode.cpp.cpp; name = ut_pex.cpp; path = src/ut_pex.cpp; sourceTree = "<group>"; };
		570B81E01F13765F006DE204 /* utf8.cpp */ = {isa = PBXFileReference; fileEncoding = 4; lastKnownFileType = sourcecode.cpp.cpp; name = utf8.cpp; path = src/utf8.cpp; sourceTree = "<group>"; };
		570B81E11F13765F006DE204 /* utp_socket_manager.cpp */ = {isa = PBXFileReference; fileEncoding = 4; lastKnownFileType = sourcecode.cpp.cpp; name = utp_socket_manager.cpp; path = src/utp_socket_manager.cpp; sourceTree = "<group>"; };
		570B81E21F13765F006DE204 /* utp_stream.cpp */ = {isa = PBXFileReference; fileEncoding = 4; lastKnownFileType = sourcecode.cpp.cpp; name = utp_stream.cpp; path = src/utp_stream.cpp; sourceTree = "<group>"; };
		570B81E31F13765F006DE204 /* version.cpp */ = {isa = PBXFileReference; fileEncoding = 4; lastKnownFileType = sourcecode.cpp.cpp; name = version.cpp; path = src/version.cpp; sourceTree = "<group>"; };
		570B81E41F13765F006DE204 /* web_connection_base.cpp */ = {isa = PBXFileReference; fileEncoding = 4; lastKnownFileType = sourcecode.cpp.cpp; name = web_connection_base.cpp; path = src/web_connection_base.cpp; sourceTree = "<group>"; };
		570B81E51F13765F006DE204 /* web_peer_connection.cpp */ = {isa = PBXFileReference; fileEncoding = 4; lastKnownFileType = sourcecode.cpp.cpp; name = web_peer_connection.cpp; path = src/web_peer_connection.cpp; sourceTree = "<group>"; };
		570B81E61F13765F006DE204 /* xml_parse.cpp */ = {isa = PBXFileReference; fileEncoding = 4; lastKnownFileType = sourcecode.cpp.cpp; name = xml_parse.cpp; path = src/xml_parse.cpp; sourceTree = "<group>"; };
		577CF1401BEA11C400AA21D6 /* libtorrent.a */ = {isa = PBXFileReference; explicitFileType = archive.ar; includeInIndex = 0; path = libtorrent.a; sourceTree = BUILT_PRODUCTS_DIR; };
		577CF2401BEA138300AA21D6 /* libboost_filesystem.a */ = {isa = PBXFileReference; lastKnownFileType = archive.ar; name = libboost_filesystem.a; path = "../boost_filesystem/build/Debug-iphoneos/libboost_filesystem.a"; sourceTree = "<group>"; };
		577CF2411BEA138300AA21D6 /* libboost_system.a */ = {isa = PBXFileReference; lastKnownFileType = archive.ar; name = libboost_system.a; path = "../boost_system/build/Debug-iphoneos/libboost_system.a"; sourceTree = "<group>"; };
/* End PBXFileReference section */

/* Begin PBXFrameworksBuildPhase section */
		577CF13D1BEA11C400AA21D6 /* Frameworks */ = {
			isa = PBXFrameworksBuildPhase;
			buildActionMask = 2147483647;
			files = (
				577CF2431BEA138300AA21D6 /* libboost_system.a in Frameworks */,
				577CF2421BEA138300AA21D6 /* libboost_filesystem.a in Frameworks */,
			);
			runOnlyForDeploymentPostprocessing = 0;
		};
/* End PBXFrameworksBuildPhase section */

/* Begin PBXGroup section */
		577CF1371BEA11C400AA21D6 = {
			isa = PBXGroup;
			children = (
				577CF2441BEA144100AA21D6 /* depends */,
				577CF1421BEA11C400AA21D6 /* torrent */,
				577CF1411BEA11C400AA21D6 /* Products */,
			);
			sourceTree = "<group>";
		};
		577CF1411BEA11C400AA21D6 /* Products */ = {
			isa = PBXGroup;
			children = (
				577CF1401BEA11C400AA21D6 /* libtorrent.a */,
			);
			name = Products;
			sourceTree = "<group>";
		};
		577CF1421BEA11C400AA21D6 /* torrent */ = {
			isa = PBXGroup;
			children = (
				577CF14C1BEA124B00AA21D6 /* src */,
				570B81731F13765F006DE204 /* alert_manager.cpp */,
				570B81741F13765F006DE204 /* alert.cpp */,
				570B81751F13765F006DE204 /* allocator.cpp */,
				570B81761F13765F006DE204 /* announce_entry.cpp */,
				570B81771F13765F006DE204 /* assert.cpp */,
				570B81781F13765F006DE204 /* bandwidth_limit.cpp */,
				570B81791F13765F006DE204 /* bandwidth_manager.cpp */,
				570B817A1F13765F006DE204 /* bandwidth_queue_entry.cpp */,
				570B817B1F13765F006DE204 /* bdecode.cpp */,
				570B817C1F13765F006DE204 /* bitfield.cpp */,
				570B817D1F13765F006DE204 /* block_cache.cpp */,
				570B817E1F13765F006DE204 /* bloom_filter.cpp */,
				570B817F1F13765F006DE204 /* broadcast_socket.cpp */,
				570B81801F13765F006DE204 /* bt_peer_connection.cpp */,
				570B81811F13765F006DE204 /* chained_buffer.cpp */,
				570B81821F13765F006DE204 /* choker.cpp */,
				570B81831F13765F006DE204 /* close_reason.cpp */,
				570B81841F13765F006DE204 /* ConvertUTF.cpp */,
				570B81851F13765F006DE204 /* cpuid.cpp */,
				570B81861F13765F006DE204 /* crc32c.cpp */,
				570B81871F13765F006DE204 /* create_torrent.cpp */,
				570B81881F13765F006DE204 /* disk_buffer_holder.cpp */,
				570B81891F13765F006DE204 /* disk_buffer_pool.cpp */,
				570B818A1F13765F006DE204 /* disk_io_job.cpp */,
				570B818B1F13765F006DE204 /* disk_io_thread.cpp */,
				570B818C1F13765F006DE204 /* disk_job_pool.cpp */,
				570B818D1F13765F006DE204 /* entry.cpp */,
				570B818E1F13765F006DE204 /* enum_net.cpp */,
				570B818F1F13765F006DE204 /* error_code.cpp */,
				570B81901F13765F006DE204 /* escape_string.cpp */,
				570B81911F13765F006DE204 /* file_pool.cpp */,
				570B81921F13765F006DE204 /* file_progress.cpp */,
				570B81931F13765F006DE204 /* file_storage.cpp */,
				570B81941F13765F006DE204 /* file.cpp */,
				570B81951F13765F006DE204 /* fingerprint.cpp */,
				570B81961F13765F006DE204 /* gzip.cpp */,
				570B81971F13765F006DE204 /* hasher.cpp */,
				570B81981F13765F006DE204 /* hex.cpp */,
				570B81991F13765F006DE204 /* http_connection.cpp */,
				570B819A1F13765F006DE204 /* http_parser.cpp */,
				570B819B1F13765F006DE204 /* http_seed_connection.cpp */,
				570B819C1F13765F006DE204 /* http_stream.cpp */,
				570B819D1F13765F006DE204 /* http_tracker_connection.cpp */,
				570B819E1F13765F006DE204 /* i2p_stream.cpp */,
				570B819F1F13765F006DE204 /* identify_client.cpp */,
				570B81A01F13765F006DE204 /* instantiate_connection.cpp */,
				570B81A11F13765F006DE204 /* ip_filter.cpp */,
				570B81A21F13765F006DE204 /* ip_voter.cpp */,
				570B81A31F13765F006DE204 /* lazy_bdecode.cpp */,
				570B81A41F13765F006DE204 /* lsd.cpp */,
				570B81A51F13765F006DE204 /* lt_trackers.cpp */,
				570B81A61F13765F006DE204 /* magnet_uri.cpp */,
				570B81A71F13765F006DE204 /* merkle.cpp */,
				570B81A81F13765F006DE204 /* metadata_transfer.cpp */,
				570B81A91F13765F006DE204 /* mpi.cpp */,
				570B81AA1F13765F006DE204 /* natpmp.cpp */,
				570B81AB1F13765F006DE204 /* packet_buffer.cpp */,
				570B81AC1F13765F006DE204 /* parse_url.cpp */,
				570B81AD1F13765F006DE204 /* part_file.cpp */,
				570B81AE1F13765F006DE204 /* pe_crypto.cpp */,
				570B81AF1F13765F006DE204 /* peer_class_set.cpp */,
				570B81B01F13765F006DE204 /* peer_class.cpp */,
				570B81B11F13765F006DE204 /* peer_connection_handle.cpp */,
				570B81B21F13765F006DE204 /* peer_connection.cpp */,
				570B81B31F13765F006DE204 /* peer_list.cpp */,
				570B81B41F13765F006DE204 /* performance_counters.cpp */,
				570B81B51F13765F006DE204 /* piece_picker.cpp */,
				570B81B61F13765F006DE204 /* platform_util.cpp */,
				570B81B71F13765F006DE204 /* proxy_base.cpp */,
				570B81B81F13765F006DE204 /* proxy_settings.cpp */,
				570B81B91F13765F006DE204 /* puff.cpp */,
				570B81BA1F13765F006DE204 /* random.cpp */,
				570B81BB1F13765F006DE204 /* receive_buffer.cpp */,
				570B81BC1F13765F006DE204 /* request_blocks.cpp */,
				570B81BD1F13765F006DE204 /* resolve_links.cpp */,
				570B81BE1F13765F006DE204 /* resolver.cpp */,
				570B81BF1F13765F006DE204 /* rss.cpp */,
				570B81C01F13765F006DE204 /* session_call.cpp */,
				570B81C11F13765F006DE204 /* session_handle.cpp */,
				570B81C21F13765F006DE204 /* session_impl.cpp */,
				570B81C31F13765F006DE204 /* session_settings.cpp */,
				570B81C41F13765F006DE204 /* session_stats.cpp */,
				570B81C51F13765F006DE204 /* session.cpp */,
				570B81C61F13765F006DE204 /* settings_pack.cpp */,
				570B81C71F13765F006DE204 /* sha1.cpp */,
				570B81C81F13765F006DE204 /* smart_ban.cpp */,
				570B81C91F13765F006DE204 /* socket_io.cpp */,
				570B81CA1F13765F006DE204 /* socket_type.cpp */,
				570B81CB1F13765F006DE204 /* socks5_stream.cpp */,
				570B81CC1F13765F006DE204 /* stat_cache.cpp */,
				570B81CD1F13765F006DE204 /* stat.cpp */,
				570B81CE1F13765F006DE204 /* storage.cpp */,
				570B81CF1F13765F006DE204 /* string_util.cpp */,
				570B81D01F13765F006DE204 /* tailqueue.cpp */,
				570B81D11F13765F006DE204 /* thread.cpp */,
				570B81D21F13765F006DE204 /* time.cpp */,
				570B81D31F13765F006DE204 /* timestamp_history.cpp */,
				570B81D41F13765F006DE204 /* torrent_handle.cpp */,
				570B81D51F13765F006DE204 /* torrent_info.cpp */,
				570B81D61F13765F006DE204 /* torrent_peer_allocator.cpp */,
				570B81D71F13765F006DE204 /* torrent_peer.cpp */,
				570B81D81F13765F006DE204 /* torrent_status.cpp */,
				570B81D91F13765F006DE204 /* torrent.cpp */,
				570B81DA1F13765F006DE204 /* tracker_manager.cpp */,
				570B81DB1F13765F006DE204 /* udp_socket.cpp */,
				570B81DC1F13765F006DE204 /* udp_tracker_connection.cpp */,
				570B81DD1F13765F006DE204 /* upnp.cpp */,
				570B81DE1F13765F006DE204 /* ut_metadata.cpp */,
				570B81DF1F13765F006DE204 /* ut_pex.cpp */,
				570B81E01F13765F006DE204 /* utf8.cpp */,
				570B81E11F13765F006DE204 /* utp_socket_manager.cpp */,
				570B81E21F13765F006DE204 /* utp_stream.cpp */,
				570B81E31F13765F006DE204 /* version.cpp */,
				570B81E41F13765F006DE204 /* web_connection_base.cpp */,
				570B81E51F13765F006DE204 /* web_peer_connection.cpp */,
				570B81E61F13765F006DE204 /* xml_parse.cpp */,
			);
			path = torrent;
			sourceTree = "<group>";
		};
		577CF14C1BEA124B00AA21D6 /* src */ = {
			isa = PBXGroup;
			children = (
				577CF15F1BEA124B00AA21D6 /* ed25519 */,
				577CF1841BEA124B00AA21D6 /* kademlia */,
			);
			path = src;
			sourceTree = "<group>";
		};
		577CF15F1BEA124B00AA21D6 /* ed25519 */ = {
			isa = PBXGroup;
			children = (
				570B81391F137608006DE204 /* add_scalar.cpp */,
				570B813A1F137608006DE204 /* fe.cpp */,
				570B813B1F137608006DE204 /* fe.h */,
				570B813C1F137608006DE204 /* fixedint.h */,
				570B813D1F137608006DE204 /* ge.cpp */,
				570B813E1F137608006DE204 /* ge.h */,
				570B813F1F137608006DE204 /* key_exchange.cpp */,
				570B81401F137608006DE204 /* keypair.cpp */,
				570B81411F137608006DE204 /* precomp_data.h */,
				570B81421F137608006DE204 /* sc.cpp */,
				570B81431F137608006DE204 /* sc.h */,
				570B81441F137608006DE204 /* seed.cpp */,
				570B81451F137608006DE204 /* sha512.cpp */,
				570B81461F137608006DE204 /* sha512.h */,
				570B81471F137608006DE204 /* sign.cpp */,
				570B81481F137608006DE204 /* verify.cpp */,
			);
			path = ed25519;
			sourceTree = "<group>";
		};
		577CF1841BEA124B00AA21D6 /* kademlia */ = {
			isa = PBXGroup;
			children = (
				570B81531F137625006DE204 /* dht_storage.cpp */,
				570B81541F137625006DE204 /* dht_tracker.cpp */,
				570B81551F137625006DE204 /* dos_blocker.cpp */,
				570B81561F137625006DE204 /* find_data.cpp */,
				570B81571F137625006DE204 /* get_item.cpp */,
				570B81581F137625006DE204 /* get_peers.cpp */,
				570B81591F137625006DE204 /* item.cpp */,
				570B815A1F137625006DE204 /* msg.cpp */,
				570B815B1F137625006DE204 /* node_entry.cpp */,
				570B815C1F137625006DE204 /* node_id.cpp */,
				570B815D1F137625006DE204 /* node.cpp */,
				570B815E1F137625006DE204 /* put_data.cpp */,
				570B815F1F137625006DE204 /* refresh.cpp */,
				570B81601F137625006DE204 /* routing_table.cpp */,
				570B81611F137625006DE204 /* rpc_manager.cpp */,
				570B81621F137625006DE204 /* traversal_algorithm.cpp */,
			);
			path = kademlia;
			sourceTree = "<group>";
		};
		577CF2441BEA144100AA21D6 /* depends */ = {
			isa = PBXGroup;
			children = (
				577CF2401BEA138300AA21D6 /* libboost_filesystem.a */,
				577CF2411BEA138300AA21D6 /* libboost_system.a */,
			);
			name = depends;
			sourceTree = "<group>";
		};
/* End PBXGroup section */

/* Begin PBXNativeTarget section */
		577CF13F1BEA11C400AA21D6 /* torrent */ = {
			isa = PBXNativeTarget;
			buildConfigurationList = 577CF1491BEA11C400AA21D6 /* Build configuration list for PBXNativeTarget "torrent" */;
			buildPhases = (
				577CF13C1BEA11C400AA21D6 /* Sources */,
				577CF13D1BEA11C400AA21D6 /* Frameworks */,
				577CF13E1BEA11C400AA21D6 /* CopyFiles */,
			);
			buildRules = (
			);
			dependencies = (
			);
			name = torrent;
			productName = torrent;
			productReference = 577CF1401BEA11C400AA21D6 /* libtorrent.a */;
			productType = "com.apple.product-type.library.static";
		};
/* End PBXNativeTarget section */

/* Begin PBXProject section */
		577CF1381BEA11C400AA21D6 /* Project object */ = {
			isa = PBXProject;
			attributes = {
				LastUpgradeCheck = 0710;
				ORGANIZATIONNAME = "Andrey Chuprina";
				TargetAttributes = {
					577CF13F1BEA11C400AA21D6 = {
						CreatedOnToolsVersion = 7.1;
					};
				};
			};
			buildConfigurationList = 577CF13B1BEA11C400AA21D6 /* Build configuration list for PBXProject "torrent" */;
			compatibilityVersion = "Xcode 3.2";
			developmentRegion = English;
			hasScannedForEncodings = 0;
			knownRegions = (
				en,
			);
			mainGroup = 577CF1371BEA11C400AA21D6;
			productRefGroup = 577CF1411BEA11C400AA21D6 /* Products */;
			projectDirPath = "";
			projectRoot = "";
			targets = (
				577CF13F1BEA11C400AA21D6 /* torrent */,
			);
		};
/* End PBXProject section */

/* Begin PBXSourcesBuildPhase section */
		577CF13C1BEA11C400AA21D6 /* Sources */ = {
			isa = PBXSourcesBuildPhase;
			buildActionMask = 2147483647;
			files = (
				570B82571F13765F006DE204 /* version.cpp in Sources */,
				570B814F1F137608006DE204 /* seed.cpp in Sources */,
				570B81691F137625006DE204 /* item.cpp in Sources */,
				570B81EE1F13765F006DE204 /* bandwidth_queue_entry.cpp in Sources */,
				570B82231F13765F006DE204 /* peer_class_set.cpp in Sources */,
				570B82491F13765F006DE204 /* torrent_info.cpp in Sources */,
				570B82181F13765F006DE204 /* lsd.cpp in Sources */,
				570B81711F137625006DE204 /* rpc_manager.cpp in Sources */,
				570B822F1F13765F006DE204 /* receive_buffer.cpp in Sources */,
				570B82541F13765F006DE204 /* utf8.cpp in Sources */,
				570B81671F137625006DE204 /* get_item.cpp in Sources */,
				570B821F1F13765F006DE204 /* packet_buffer.cpp in Sources */,
				570B82501F13765F006DE204 /* udp_tracker_connection.cpp in Sources */,
				570B81E71F13765F006DE204 /* alert_manager.cpp in Sources */,
				570B814C1F137608006DE204 /* key_exchange.cpp in Sources */,
				570B82391F13765F006DE204 /* session.cpp in Sources */,
				570B823E1F13765F006DE204 /* socket_type.cpp in Sources */,
				570B816E1F137625006DE204 /* put_data.cpp in Sources */,
				570B81FC1F13765F006DE204 /* disk_buffer_holder.cpp in Sources */,
				570B81721F137625006DE204 /* traversal_algorithm.cpp in Sources */,
				570B814A1F137608006DE204 /* fe.cpp in Sources */,
				570B82071F13765F006DE204 /* file_storage.cpp in Sources */,
				570B82031F13765F006DE204 /* error_code.cpp in Sources */,
				570B824C1F13765F006DE204 /* torrent_status.cpp in Sources */,
				570B82201F13765F006DE204 /* parse_url.cpp in Sources */,
				570B82291F13765F006DE204 /* piece_picker.cpp in Sources */,
				570B823F1F13765F006DE204 /* socks5_stream.cpp in Sources */,
				570B816C1F137625006DE204 /* node_id.cpp in Sources */,
				570B823C1F13765F006DE204 /* smart_ban.cpp in Sources */,
				570B82141F13765F006DE204 /* instantiate_connection.cpp in Sources */,
				570B81F71F13765F006DE204 /* close_reason.cpp in Sources */,
				570B81651F137625006DE204 /* dos_blocker.cpp in Sources */,
				570B814D1F137608006DE204 /* keypair.cpp in Sources */,
				570B82341F13765F006DE204 /* session_call.cpp in Sources */,
				570B814B1F137608006DE204 /* ge.cpp in Sources */,
				570B81661F137625006DE204 /* find_data.cpp in Sources */,
				570B81F61F13765F006DE204 /* choker.cpp in Sources */,
				570B81641F137625006DE204 /* dht_tracker.cpp in Sources */,
				570B81F91F13765F006DE204 /* cpuid.cpp in Sources */,
				570B82551F13765F006DE204 /* utp_socket_manager.cpp in Sources */,
				570B820B1F13765F006DE204 /* hasher.cpp in Sources */,
				570B824D1F13765F006DE204 /* torrent.cpp in Sources */,
				570B82151F13765F006DE204 /* ip_filter.cpp in Sources */,
				570B81FD1F13765F006DE204 /* disk_buffer_pool.cpp in Sources */,
				570B82471F13765F006DE204 /* timestamp_history.cpp in Sources */,
				570B81EA1F13765F006DE204 /* announce_entry.cpp in Sources */,
				570B816D1F137625006DE204 /* node.cpp in Sources */,
				570B81FF1F13765F006DE204 /* disk_io_thread.cpp in Sources */,
				570B82361F13765F006DE204 /* session_impl.cpp in Sources */,
				570B82321F13765F006DE204 /* resolver.cpp in Sources */,
				570B82171F13765F006DE204 /* lazy_bdecode.cpp in Sources */,
				570B82351F13765F006DE204 /* session_handle.cpp in Sources */,
				570B82451F13765F006DE204 /* thread.cpp in Sources */,
				570B82041F13765F006DE204 /* escape_string.cpp in Sources */,
				570B820E1F13765F006DE204 /* http_parser.cpp in Sources */,
				570B823A1F13765F006DE204 /* settings_pack.cpp in Sources */,
				570B82221F13765F006DE204 /* pe_crypto.cpp in Sources */,
				570B82261F13765F006DE204 /* peer_connection.cpp in Sources */,
				570B82021F13765F006DE204 /* enum_net.cpp in Sources */,
				570B82481F13765F006DE204 /* torrent_handle.cpp in Sources */,
				570B821A1F13765F006DE204 /* magnet_uri.cpp in Sources */,
				570B82131F13765F006DE204 /* identify_client.cpp in Sources */,
				570B82281F13765F006DE204 /* performance_counters.cpp in Sources */,
				570B82431F13765F006DE204 /* string_util.cpp in Sources */,
				570B81F31F13765F006DE204 /* broadcast_socket.cpp in Sources */,
				570B822E1F13765F006DE204 /* random.cpp in Sources */,
				570B824A1F13765F006DE204 /* torrent_peer_allocator.cpp in Sources */,
				570B82531F13765F006DE204 /* ut_pex.cpp in Sources */,
				570B816F1F137625006DE204 /* refresh.cpp in Sources */,
				570B82461F13765F006DE204 /* time.cpp in Sources */,
				570B82561F13765F006DE204 /* utp_stream.cpp in Sources */,
				570B81491F137608006DE204 /* add_scalar.cpp in Sources */,
				570B82121F13765F006DE204 /* i2p_stream.cpp in Sources */,
				570B81FE1F13765F006DE204 /* disk_io_job.cpp in Sources */,
				570B824B1F13765F006DE204 /* torrent_peer.cpp in Sources */,
				570B81F01F13765F006DE204 /* bitfield.cpp in Sources */,
				570B81E81F13765F006DE204 /* alert.cpp in Sources */,
				570B82421F13765F006DE204 /* storage.cpp in Sources */,
				570B821E1F13765F006DE204 /* natpmp.cpp in Sources */,
				570B823B1F13765F006DE204 /* sha1.cpp in Sources */,
				570B82051F13765F006DE204 /* file_pool.cpp in Sources */,
				570B82211F13765F006DE204 /* part_file.cpp in Sources */,
				570B820A1F13765F006DE204 /* gzip.cpp in Sources */,
				570B822D1F13765F006DE204 /* puff.cpp in Sources */,
				570B81511F137608006DE204 /* sign.cpp in Sources */,
				570B82311F13765F006DE204 /* resolve_links.cpp in Sources */,
				570B824E1F13765F006DE204 /* tracker_manager.cpp in Sources */,
				570B81EF1F13765F006DE204 /* bdecode.cpp in Sources */,
				570B822A1F13765F006DE204 /* platform_util.cpp in Sources */,
				570B82001F13765F006DE204 /* disk_job_pool.cpp in Sources */,
				570B82371F13765F006DE204 /* session_settings.cpp in Sources */,
				570B82301F13765F006DE204 /* request_blocks.cpp in Sources */,
				570B82161F13765F006DE204 /* ip_voter.cpp in Sources */,
				570B81ED1F13765F006DE204 /* bandwidth_manager.cpp in Sources */,
				570B82511F13765F006DE204 /* upnp.cpp in Sources */,
				570B824F1F13765F006DE204 /* udp_socket.cpp in Sources */,
				570B81F51F13765F006DE204 /* chained_buffer.cpp in Sources */,
				570B82101F13765F006DE204 /* http_stream.cpp in Sources */,
				570B821B1F13765F006DE204 /* merkle.cpp in Sources */,
				570B81631F137625006DE204 /* dht_storage.cpp in Sources */,
				570B81521F137609006DE204 /* verify.cpp in Sources */,
				570B81EC1F13765F006DE204 /* bandwidth_limit.cpp in Sources */,
				570B82591F13765F006DE204 /* web_peer_connection.cpp in Sources */,
				570B814E1F137608006DE204 /* sc.cpp in Sources */,
				570B82441F13765F006DE204 /* tailqueue.cpp in Sources */,
				570B820F1F13765F006DE204 /* http_seed_connection.cpp in Sources */,
				570B82241F13765F006DE204 /* peer_class.cpp in Sources */,
				570B82091F13765F006DE204 /* fingerprint.cpp in Sources */,
				570B821C1F13765F006DE204 /* metadata_transfer.cpp in Sources */,
				570B81F21F13765F006DE204 /* bloom_filter.cpp in Sources */,
				570B823D1F13765F006DE204 /* socket_io.cpp in Sources */,
				570B82011F13765F006DE204 /* entry.cpp in Sources */,
				570B81681F137625006DE204 /* get_peers.cpp in Sources */,
				570B82251F13765F006DE204 /* peer_connection_handle.cpp in Sources */,
				570B82191F13765F006DE204 /* lt_trackers.cpp in Sources */,
				570B81701F137625006DE204 /* routing_table.cpp in Sources */,
				570B816B1F137625006DE204 /* node_entry.cpp in Sources */,
				570B82381F13765F006DE204 /* session_stats.cpp in Sources */,
				570B81501F137608006DE204 /* sha512.cpp in Sources */,
				570B81F11F13765F006DE204 /* block_cache.cpp in Sources */,
				570B82581F13765F006DE204 /* web_connection_base.cpp in Sources */,
				570B82401F13765F006DE204 /* stat_cache.cpp in Sources */,
				570B81F81F13765F006DE204 /* ConvertUTF.cpp in Sources */,
				570B821D1F13765F006DE204 /* mpi.cpp in Sources */,
				570B82411F13765F006DE204 /* stat.cpp in Sources */,
				570B81FA1F13765F006DE204 /* crc32c.cpp in Sources */,
				570B82081F13765F006DE204 /* file.cpp in Sources */,
				570B81FB1F13765F006DE204 /* create_torrent.cpp in Sources */,
				570B82521F13765F006DE204 /* ut_metadata.cpp in Sources */,
				570B822C1F13765F006DE204 /* proxy_settings.cpp in Sources */,
				570B82331F13765F006DE204 /* rss.cpp in Sources */,
				570B816A1F137625006DE204 /* msg.cpp in Sources */,
				570B82061F13765F006DE204 /* file_progress.cpp in Sources */,
				570B82271F13765F006DE204 /* peer_list.cpp in Sources */,
				570B82111F13765F006DE204 /* http_tracker_connection.cpp in Sources */,
				570B822B1F13765F006DE204 /* proxy_base.cpp in Sources */,
				570B820D1F13765F006DE204 /* http_connection.cpp in Sources */,
				570B825A1F13765F006DE204 /* xml_parse.cpp in Sources */,
				570B81EB1F13765F006DE204 /* assert.cpp in Sources */,
				570B820C1F13765F006DE204 /* hex.cpp in Sources */,
				570B81E91F13765F006DE204 /* allocator.cpp in Sources */,
				570B81F41F13765F006DE204 /* bt_peer_connection.cpp in Sources */,
			);
			runOnlyForDeploymentPostprocessing = 0;
		};
/* End PBXSourcesBuildPhase section */

/* Begin XCBuildConfiguration section */
		577CF1471BEA11C400AA21D6 /* Debug */ = {
			isa = XCBuildConfiguration;
			buildSettings = {
				ALWAYS_SEARCH_USER_PATHS = NO;
				CLANG_CXX_LANGUAGE_STANDARD = "gnu++0x";
				CLANG_CXX_LIBRARY = "libc++";
				CLANG_ENABLE_MODULES = YES;
				CLANG_ENABLE_OBJC_ARC = YES;
				CLANG_WARN_BOOL_CONVERSION = YES;
				CLANG_WARN_CONSTANT_CONVERSION = YES;
				CLANG_WARN_DIRECT_OBJC_ISA_USAGE = YES_ERROR;
				CLANG_WARN_EMPTY_BODY = YES;
				CLANG_WARN_ENUM_CONVERSION = YES;
				CLANG_WARN_INT_CONVERSION = YES;
				CLANG_WARN_OBJC_ROOT_CLASS = YES_ERROR;
				CLANG_WARN_UNREACHABLE_CODE = YES;
				CLANG_WARN__DUPLICATE_METHOD_MATCH = YES;
				"CODE_SIGN_IDENTITY[sdk=iphoneos*]" = "iPhone Developer";
				COPY_PHASE_STRIP = NO;
				DEBUG_INFORMATION_FORMAT = dwarf;
				ENABLE_STRICT_OBJC_MSGSEND = YES;
				ENABLE_TESTABILITY = YES;
				GCC_C_LANGUAGE_STANDARD = gnu99;
				GCC_DYNAMIC_NO_PIC = NO;
				GCC_NO_COMMON_BLOCKS = YES;
				GCC_OPTIMIZATION_LEVEL = 0;
				GCC_PREPROCESSOR_DEFINITIONS = (
					"DEBUG=1",
					"$(inherited)",
				);
				GCC_WARN_64_TO_32_BIT_CONVERSION = YES;
				GCC_WARN_ABOUT_RETURN_TYPE = YES_ERROR;
				GCC_WARN_UNDECLARED_SELECTOR = YES;
				GCC_WARN_UNINITIALIZED_AUTOS = YES_AGGRESSIVE;
				GCC_WARN_UNUSED_FUNCTION = YES;
				GCC_WARN_UNUSED_VARIABLE = YES;
				IPHONEOS_DEPLOYMENT_TARGET = 8.1;
				MTL_ENABLE_DEBUG_INFO = YES;
				ONLY_ACTIVE_ARCH = YES;
				SDKROOT = iphoneos;
			};
			name = Debug;
		};
		577CF1481BEA11C400AA21D6 /* Release */ = {
			isa = XCBuildConfiguration;
			buildSettings = {
				ALWAYS_SEARCH_USER_PATHS = NO;
				CLANG_CXX_LANGUAGE_STANDARD = "gnu++0x";
				CLANG_CXX_LIBRARY = "libc++";
				CLANG_ENABLE_MODULES = YES;
				CLANG_ENABLE_OBJC_ARC = YES;
				CLANG_WARN_BOOL_CONVERSION = YES;
				CLANG_WARN_CONSTANT_CONVERSION = YES;
				CLANG_WARN_DIRECT_OBJC_ISA_USAGE = YES_ERROR;
				CLANG_WARN_EMPTY_BODY = YES;
				CLANG_WARN_ENUM_CONVERSION = YES;
				CLANG_WARN_INT_CONVERSION = YES;
				CLANG_WARN_OBJC_ROOT_CLASS = YES_ERROR;
				CLANG_WARN_UNREACHABLE_CODE = YES;
				CLANG_WARN__DUPLICATE_METHOD_MATCH = YES;
				"CODE_SIGN_IDENTITY[sdk=iphoneos*]" = "iPhone Developer";
				COPY_PHASE_STRIP = NO;
				DEBUG_INFORMATION_FORMAT = "dwarf-with-dsym";
				ENABLE_NS_ASSERTIONS = NO;
				ENABLE_STRICT_OBJC_MSGSEND = YES;
				GCC_C_LANGUAGE_STANDARD = gnu99;
				GCC_GENERATE_DEBUGGING_SYMBOLS = NO;
				GCC_NO_COMMON_BLOCKS = YES;
				GCC_WARN_64_TO_32_BIT_CONVERSION = YES;
				GCC_WARN_ABOUT_RETURN_TYPE = YES_ERROR;
				GCC_WARN_UNDECLARED_SELECTOR = YES;
				GCC_WARN_UNINITIALIZED_AUTOS = YES_AGGRESSIVE;
				GCC_WARN_UNUSED_FUNCTION = YES;
				GCC_WARN_UNUSED_VARIABLE = YES;
				IPHONEOS_DEPLOYMENT_TARGET = 8.1;
				MTL_ENABLE_DEBUG_INFO = NO;
				SDKROOT = iphoneos;
				VALIDATE_PRODUCT = YES;
			};
			name = Release;
		};
		577CF14A1BEA11C400AA21D6 /* Debug */ = {
			isa = XCBuildConfiguration;
			buildSettings = {
				HEADER_SEARCH_PATHS = ../include;
				OTHER_CFLAGS = "";
				OTHER_CPLUSPLUSFLAGS = (
					"$(OTHER_CFLAGS)",
					"-DBOOST_ASIO_ENABLE_CANCELIO",
					"-DBOOST_ASIO_HASH_MAP_BUCKETS=1021",
					"-DBOOST_FILESYSTEM_VERSION=3",
					"-DWITH_SHIPPED_GEOIP_H",
					"-DTORRENT_USE_TOMMATH",
					"-DBOOST_ASIO_SEPARATE_COMPILATION",
					"-DTORRENT_BUILDING_STATIC",
				);
				OTHER_LDFLAGS = "-ObjC";
				PRODUCT_NAME = "$(TARGET_NAME)";
				SDKROOT = iphoneos;
				SKIP_INSTALL = YES;
			};
			name = Debug;
		};
		577CF14B1BEA11C400AA21D6 /* Release */ = {
			isa = XCBuildConfiguration;
			buildSettings = {
				GCC_GENERATE_DEBUGGING_SYMBOLS = NO;
				HEADER_SEARCH_PATHS = ../include;
				OTHER_CFLAGS = "";
				OTHER_CPLUSPLUSFLAGS = (
					"$(OTHER_CFLAGS)",
					"-DBOOST_ASIO_ENABLE_CANCELIO",
					"-DBOOST_ASIO_HASH_MAP_BUCKETS=1021",
					"-DBOOST_FILESYSTEM_VERSION=3",
					"-DWITH_SHIPPED_GEOIP_H",
					"-DTORRENT_USE_TOMMATH",
					"-DBOOST_ASIO_SEPARATE_COMPILATION",
					"-DTORRENT_BUILDING_STATIC",
				);
				OTHER_LDFLAGS = "-ObjC";
				PRODUCT_NAME = "$(TARGET_NAME)";
				SDKROOT = iphoneos;
				SKIP_INSTALL = YES;
			};
			name = Release;
		};
/* End XCBuildConfiguration section */

/* Begin XCConfigurationList section */
		577CF13B1BEA11C400AA21D6 /* Build configuration list for PBXProject "torrent" */ = {
			isa = XCConfigurationList;
			buildConfigurations = (
				577CF1471BEA11C400AA21D6 /* Debug */,
				577CF1481BEA11C400AA21D6 /* Release */,
			);
			defaultConfigurationIsVisible = 0;
			defaultConfigurationName = Release;
		};
		577CF1491BEA11C400AA21D6 /* Build configuration list for PBXNativeTarget "torrent" */ = {
			isa = XCConfigurationList;
			buildConfigurations = (
				577CF14A1BEA11C400AA21D6 /* Debug */,
				577CF14B1BEA11C400AA21D6 /* Release */,
			);
			defaultConfigurationIsVisible = 0;
			defaultConfigurationName = Release;
		};
/* End XCConfigurationList section */
	};
	rootObject = 577CF1381BEA11C400AA21D6 /* Project object */;
}
